
Microsoft Visual Studio Solution File, Format Version 12.00
# Visual Studio Version 17
VisualStudioVersion = 17.13.35931.197 d17.13
MinimumVisualStudioVersion = 10.0.40219.1
Project("{FAE04EC0-301F-11D3-BF4B-00C04F79EFBC}") = "TranPhamHoangAnh_Week02", "TranPhamHoangAnh_Week02\TranPhamHoangAnh_Week02.csproj", "{046FF7E3-A642-420D-B162-04A5D9CCF2EF}"
EndProject
Global
	GlobalSection(SolutionConfigurationPlatforms) = preSolution
		Debug|Any CPU = Debug|Any CPU
		Release|Any CPU = Release|Any CPU
	EndGlobalSection
	GlobalSection(ProjectConfigurationPlatforms) = postSolution
		{046FF7E3-A642-420D-B162-04A5D9CCF2EF}.Debug|Any CPU.ActiveCfg = Debug|Any CPU
		{046FF7E3-A642-420D-B162-04A5D9CCF2EF}.Debug|Any CPU.Build.0 = Debug|Any CPU
		{046FF7E3-A642-420D-B162-04A5D9CCF2EF}.Release|Any CPU.ActiveCfg = Release|Any CPU
		{046FF7E3-A642-420D-B162-04A5D9CCF2EF}.Release|Any CPU.Build.0 = Release|Any CPU
	EndGlobalSection
	GlobalSection(SolutionProperties) = preSolution
		HideSolutionNode = FALSE
	EndGlobalSection
	GlobalSection(ExtensibilityGlobals) = postSolution
		SolutionGuid = {4655F5E1-A71E-4BE9-9004-F36906B63374}
	EndGlobalSection
EndGlobal
